
Microsoft Visual Studio Solution File, Format Version 12.00
# Visual Studio Version 17
VisualStudioVersion = 17.5.33424.131
MinimumVisualStudioVersion = 10.0.40219.1
Project("{9A19103F-16F7-4668-BE54-9A1E7A4F7556}") = "PZ_01", "PZ_01\PZ_01.csproj", "{59581DB0-CC22-4CD2-89A9-E6A3275E4FAE}"
EndProject
Project("{9A19103F-16F7-4668-BE54-9A1E7A4F7556}") = "PZ_02", "PZ_02\PZ_02.csproj", "{5A7DC4F4-EB47-4008-A2B0-52A4F75A4DE8}"
EndProject
Project("{9A19103F-16F7-4668-BE54-9A1E7A4F7556}") = "PZ_03", "PZ_03\PZ_03.csproj", "{96948118-87AB-48F7-9C4E-07FBD713B293}"
EndProject
Project("{FAE04EC0-301F-11D3-BF4B-00C04F79EFBC}") = "Pz_05", "Pz_05\Pz_05.csproj", "{68072EA7-651F-439E-AF91-129729481882}"
EndProject
Global
	GlobalSection(SolutionConfigurationPlatforms) = preSolution
		Debug|Any CPU = Debug|Any CPU
		Release|Any CPU = Release|Any CPU
	EndGlobalSection
	GlobalSection(ProjectConfigurationPlatforms) = postSolution
		{59581DB0-CC22-4CD2-89A9-E6A3275E4FAE}.Debug|Any CPU.ActiveCfg = Debug|Any CPU
		{59581DB0-CC22-4CD2-89A9-E6A3275E4FAE}.Debug|Any CPU.Build.0 = Debug|Any CPU
		{59581DB0-CC22-4CD2-89A9-E6A3275E4FAE}.Release|Any CPU.ActiveCfg = Release|Any CPU
		{59581DB0-CC22-4CD2-89A9-E6A3275E4FAE}.Release|Any CPU.Build.0 = Release|Any CPU
		{5A7DC4F4-EB47-4008-A2B0-52A4F75A4DE8}.Debug|Any CPU.ActiveCfg = Debug|Any CPU
		{5A7DC4F4-EB47-4008-A2B0-52A4F75A4DE8}.Debug|Any CPU.Build.0 = Debug|Any CPU
		{5A7DC4F4-EB47-4008-A2B0-52A4F75A4DE8}.Release|Any CPU.ActiveCfg = Release|Any CPU
		{5A7DC4F4-EB47-4008-A2B0-52A4F75A4DE8}.Release|Any CPU.Build.0 = Release|Any CPU
		{96948118-87AB-48F7-9C4E-07FBD713B293}.Debug|Any CPU.ActiveCfg = Debug|Any CPU
		{96948118-87AB-48F7-9C4E-07FBD713B293}.Debug|Any CPU.Build.0 = Debug|Any CPU
		{96948118-87AB-48F7-9C4E-07FBD713B293}.Release|Any CPU.ActiveCfg = Release|Any CPU
		{96948118-87AB-48F7-9C4E-07FBD713B293}.Release|Any CPU.Build.0 = Release|Any CPU
		{68072EA7-651F-439E-AF91-129729481882}.Debug|Any CPU.ActiveCfg = Debug|Any CPU
		{68072EA7-651F-439E-AF91-129729481882}.Debug|Any CPU.Build.0 = Debug|Any CPU
		{68072EA7-651F-439E-AF91-129729481882}.Release|Any CPU.ActiveCfg = Release|Any CPU
		{68072EA7-651F-439E-AF91-129729481882}.Release|Any CPU.Build.0 = Release|Any CPU
	EndGlobalSection
	GlobalSection(SolutionProperties) = preSolution
		HideSolutionNode = FALSE
	EndGlobalSection
	GlobalSection(ExtensibilityGlobals) = postSolution
		SolutionGuid = {726B7534-BB9B-42D6-85A6-523E3AA62CB6}
	EndGlobalSection
EndGlobal
